// !$*UTF8*$!
{
	archiveVersion = 1;
	classes = {
	};
	objectVersion = 46;
	objects = {

/* Begin PBXBuildFile section */
		EB48A1B9152660C8008DB3F9 /* UIKit.framework in Frameworks */ = {isa = PBXBuildFile; fileRef = EB48A1B8152660C8008DB3F9 /* UIKit.framework */; };
		EB48A1BB152660C8008DB3F9 /* Foundation.framework in Frameworks */ = {isa = PBXBuildFile; fileRef = EB48A1BA152660C8008DB3F9 /* Foundation.framework */; };
		EB48A1BD152660C8008DB3F9 /* CoreGraphics.framework in Frameworks */ = {isa = PBXBuildFile; fileRef = EB48A1BC152660C8008DB3F9 /* CoreGraphics.framework */; };
		EB48A1C3152660C8008DB3F9 /* InfoPlist.strings in Resources */ = {isa = PBXBuildFile; fileRef = EB48A1C1152660C8008DB3F9 /* InfoPlist.strings */; };
		EB48A1C5152660C8008DB3F9 /* main.m in Sources */ = {isa = PBXBuildFile; fileRef = EB48A1C4152660C8008DB3F9 /* main.m */; };
		EB48A1C9152660C8008DB3F9 /* AppDelegate.m in Sources */ = {isa = PBXBuildFile; fileRef = EB48A1C8152660C8008DB3F9 /* AppDelegate.m */; };
		EB48A1CC152660C8008DB3F9 /* MasterViewController.m in Sources */ = {isa = PBXBuildFile; fileRef = EB48A1CB152660C8008DB3F9 /* MasterViewController.m */; };
		EB48A1CF152660C8008DB3F9 /* DetailViewController.m in Sources */ = {isa = PBXBuildFile; fileRef = EB48A1CE152660C8008DB3F9 /* DetailViewController.m */; };
		EB48A1D2152660C8008DB3F9 /* MasterViewController_iPhone.xib in Resources */ = {isa = PBXBuildFile; fileRef = EB48A1D0152660C8008DB3F9 /* MasterViewController_iPhone.xib */; };
		EB48A1D5152660C8008DB3F9 /* MasterViewController_iPad.xib in Resources */ = {isa = PBXBuildFile; fileRef = EB48A1D3152660C8008DB3F9 /* MasterViewController_iPad.xib */; };
		EB48A1D8152660C8008DB3F9 /* DetailViewController_iPhone.xib in Resources */ = {isa = PBXBuildFile; fileRef = EB48A1D6152660C8008DB3F9 /* DetailViewController_iPhone.xib */; };
		EB48A1DB152660C8008DB3F9 /* DetailViewController_iPad.xib in Resources */ = {isa = PBXBuildFile; fileRef = EB48A1D9152660C8008DB3F9 /* DetailViewController_iPad.xib */; };
		EBC6F8E215266A7C00BC5A73 /* Localizable.strings in Resources */ = {isa = PBXBuildFile; fileRef = EBC6F8E415266A7C00BC5A73 /* Localizable.strings */; };
		EBC6F8F315267A2E00BC5A73 /* DownloadController.m in Sources */ = {isa = PBXBuildFile; fileRef = EBC6F8F215267A2E00BC5A73 /* DownloadController.m */; };
		EBC6F8FA15267F6E00BC5A73 /* libxml2.dylib in Frameworks */ = {isa = PBXBuildFile; fileRef = EBC6F8F915267F6E00BC5A73 /* libxml2.dylib */; };
		EBE423A61526A3D2009D194F /* HTMLNode.m in Sources */ = {isa = PBXBuildFile; fileRef = EBC6F8F615267DA200BC5A73 /* HTMLNode.m */; };
		EBE423A71526A3D2009D194F /* HTMLParser.m in Sources */ = {isa = PBXBuildFile; fileRef = EBC6F8F815267DA200BC5A73 /* HTMLParser.m */; };
		EBF1C1BF152746B200AAA0E0 /* XMLReader.m in Sources */ = {isa = PBXBuildFile; fileRef = EBF1C1BE1527468E00AAA0E0 /* XMLReader.m */; };
		EBF1C1C0152746B600AAA0E0 /* SecondViewController.m in Sources */ = {isa = PBXBuildFile; fileRef = EBF1C1BA1527464F00AAA0E0 /* SecondViewController.m */; };
		EBF1C1C4152751A200AAA0E0 /* Tray@2x.png in Resources */ = {isa = PBXBuildFile; fileRef = EBF1C1C3152751A200AAA0E0 /* Tray@2x.png */; };
		EBF1C1C6152751C600AAA0E0 /* Tray.png in Resources */ = {isa = PBXBuildFile; fileRef = EBF1C1C5152751C600AAA0E0 /* Tray.png */; };
		EBF1C1C81527564800AAA0E0 /* Tray-iPad.png in Resources */ = {isa = PBXBuildFile; fileRef = EBF1C1C71527564800AAA0E0 /* Tray-iPad.png */; };
		EBF1C1CA1527564B00AAA0E0 /* Tray-iPad@2x.png in Resources */ = {isa = PBXBuildFile; fileRef = EBF1C1C91527564B00AAA0E0 /* Tray-iPad@2x.png */; };
/* End PBXBuildFile section */

/* Begin PBXFileReference section */
		EB48A1B4152660C8008DB3F9 /* Bandeco.app */ = {isa = PBXFileReference; explicitFileType = wrapper.application; includeInIndex = 0; path = Bandeco.app; sourceTree = BUILT_PRODUCTS_DIR; };
		EB48A1B8152660C8008DB3F9 /* UIKit.framework */ = {isa = PBXFileReference; lastKnownFileType = wrapper.framework; name = UIKit.framework; path = System/Library/Frameworks/UIKit.framework; sourceTree = SDKROOT; };
		EB48A1BA152660C8008DB3F9 /* Foundation.framework */ = {isa = PBXFileReference; lastKnownFileType = wrapper.framework; name = Foundation.framework; path = System/Library/Frameworks/Foundation.framework; sourceTree = SDKROOT; };
		EB48A1BC152660C8008DB3F9 /* CoreGraphics.framework */ = {isa = PBXFileReference; lastKnownFileType = wrapper.framework; name = CoreGraphics.framework; path = System/Library/Frameworks/CoreGraphics.framework; sourceTree = SDKROOT; };
		EB48A1C0152660C8008DB3F9 /* Bandeco-Info.plist */ = {isa = PBXFileReference; lastKnownFileType = text.plist.xml; path = "Bandeco-Info.plist"; sourceTree = "<group>"; };
		EB48A1C2152660C8008DB3F9 /* en */ = {isa = PBXFileReference; lastKnownFileType = text.plist.strings; name = en; path = en.lproj/InfoPlist.strings; sourceTree = "<group>"; };
		EB48A1C4152660C8008DB3F9 /* main.m */ = {isa = PBXFileReference; lastKnownFileType = sourcecode.c.objc; path = main.m; sourceTree = "<group>"; };
		EB48A1C6152660C8008DB3F9 /* Bandeco-Prefix.pch */ = {isa = PBXFileReference; lastKnownFileType = sourcecode.c.h; path = "Bandeco-Prefix.pch"; sourceTree = "<group>"; };
		EB48A1C7152660C8008DB3F9 /* AppDelegate.h */ = {isa = PBXFileReference; lastKnownFileType = sourcecode.c.h; path = AppDelegate.h; sourceTree = "<group>"; };
		EB48A1C8152660C8008DB3F9 /* AppDelegate.m */ = {isa = PBXFileReference; lastKnownFileType = sourcecode.c.objc; path = AppDelegate.m; sourceTree = "<group>"; };
		EB48A1CA152660C8008DB3F9 /* MasterViewController.h */ = {isa = PBXFileReference; lastKnownFileType = sourcecode.c.h; path = MasterViewController.h; sourceTree = "<group>"; };
		EB48A1CB152660C8008DB3F9 /* MasterViewController.m */ = {isa = PBXFileReference; lastKnownFileType = sourcecode.c.objc; path = MasterViewController.m; sourceTree = "<group>"; };
		EB48A1CD152660C8008DB3F9 /* DetailViewController.h */ = {isa = PBXFileReference; lastKnownFileType = sourcecode.c.h; path = DetailViewController.h; sourceTree = "<group>"; };
		EB48A1CE152660C8008DB3F9 /* DetailViewController.m */ = {isa = PBXFileReference; lastKnownFileType = sourcecode.c.objc; path = DetailViewController.m; sourceTree = "<group>"; };
		EB48A1D1152660C8008DB3F9 /* en */ = {isa = PBXFileReference; lastKnownFileType = file.xib; name = en; path = en.lproj/MasterViewController_iPhone.xib; sourceTree = "<group>"; };
		EB48A1D4152660C8008DB3F9 /* en */ = {isa = PBXFileReference; lastKnownFileType = file.xib; name = en; path = en.lproj/MasterViewController_iPad.xib; sourceTree = "<group>"; };
		EB48A1D7152660C8008DB3F9 /* en */ = {isa = PBXFileReference; lastKnownFileType = file.xib; name = en; path = en.lproj/DetailViewController_iPhone.xib; sourceTree = "<group>"; };
		EB48A1DA152660C8008DB3F9 /* en */ = {isa = PBXFileReference; lastKnownFileType = file.xib; name = en; path = en.lproj/DetailViewController_iPad.xib; sourceTree = "<group>"; };
		EBC6F8E315266A7C00BC5A73 /* en */ = {isa = PBXFileReference; lastKnownFileType = text.plist.strings; name = en; path = en.lproj/Localizable.strings; sourceTree = "<group>"; };
		EBC6F8EA152670A000BC5A73 /* Constants.h */ = {isa = PBXFileReference; lastKnownFileType = sourcecode.c.h; path = Constants.h; sourceTree = "<group>"; };
		EBC6F8F115267A2E00BC5A73 /* DownloadController.h */ = {isa = PBXFileReference; fileEncoding = 4; lastKnownFileType = sourcecode.c.h; path = DownloadController.h; sourceTree = "<group>"; };
		EBC6F8F215267A2E00BC5A73 /* DownloadController.m */ = {isa = PBXFileReference; fileEncoding = 4; lastKnownFileType = sourcecode.c.objc; path = DownloadController.m; sourceTree = "<group>"; };
		EBC6F8F515267DA200BC5A73 /* HTMLNode.h */ = {isa = PBXFileReference; lastKnownFileType = sourcecode.c.h; path = HTMLNode.h; sourceTree = "<group>"; };
		EBC6F8F615267DA200BC5A73 /* HTMLNode.m */ = {isa = PBXFileReference; lastKnownFileType = sourcecode.c.objc; path = HTMLNode.m; sourceTree = "<group>"; };
		EBC6F8F715267DA200BC5A73 /* HTMLParser.h */ = {isa = PBXFileReference; lastKnownFileType = sourcecode.c.h; path = HTMLParser.h; sourceTree = "<group>"; };
		EBC6F8F815267DA200BC5A73 /* HTMLParser.m */ = {isa = PBXFileReference; lastKnownFileType = sourcecode.c.objc; path = HTMLParser.m; sourceTree = "<group>"; };
		EBC6F8F915267F6E00BC5A73 /* libxml2.dylib */ = {isa = PBXFileReference; lastKnownFileType = "compiled.mach-o.dylib"; name = libxml2.dylib; path = usr/lib/libxml2.dylib; sourceTree = SDKROOT; };
		EBC6F916152681A200BC5A73 /* SynthesizeSingleton.h */ = {isa = PBXFileReference; lastKnownFileType = sourcecode.c.h; path = SynthesizeSingleton.h; sourceTree = "<group>"; };
		EBF1C1AD1527427F00AAA0E0 /* pt */ = {isa = PBXFileReference; lastKnownFileType = text.plist.strings; name = pt; path = pt.lproj/Localizable.strings; sourceTree = "<group>"; };
		EBF1C1B91527464F00AAA0E0 /* SecondViewController.h */ = {isa = PBXFileReference; lastKnownFileType = sourcecode.c.h; path = SecondViewController.h; sourceTree = "<group>"; };
		EBF1C1BA1527464F00AAA0E0 /* SecondViewController.m */ = {isa = PBXFileReference; lastKnownFileType = sourcecode.c.objc; path = SecondViewController.m; sourceTree = "<group>"; };
		EBF1C1BD1527468E00AAA0E0 /* XMLReader.h */ = {isa = PBXFileReference; lastKnownFileType = sourcecode.c.h; name = XMLReader.h; path = Bandeco/XMLReader.h; sourceTree = "<group>"; };
		EBF1C1BE1527468E00AAA0E0 /* XMLReader.m */ = {isa = PBXFileReference; lastKnownFileType = sourcecode.c.objc; name = XMLReader.m; path = Bandeco/XMLReader.m; sourceTree = "<group>"; };
		EBF1C1C3152751A200AAA0E0 /* Tray@2x.png */ = {isa = PBXFileReference; lastKnownFileType = image.png; path = "Tray@2x.png"; sourceTree = "<group>"; };
		EBF1C1C5152751C600AAA0E0 /* Tray.png */ = {isa = PBXFileReference; lastKnownFileType = image.png; path = Tray.png; sourceTree = "<group>"; };
		EBF1C1C71527564800AAA0E0 /* Tray-iPad.png */ = {isa = PBXFileReference; lastKnownFileType = image.png; path = "Tray-iPad.png"; sourceTree = "<group>"; };
		EBF1C1C91527564B00AAA0E0 /* Tray-iPad@2x.png */ = {isa = PBXFileReference; lastKnownFileType = image.png; path = "Tray-iPad@2x.png"; sourceTree = "<group>"; };
/* End PBXFileReference section */

/* Begin PBXFrameworksBuildPhase section */
		EB48A1B1152660C8008DB3F9 /* Frameworks */ = {
			isa = PBXFrameworksBuildPhase;
			buildActionMask = 2147483647;
			files = (
				EBC6F8FA15267F6E00BC5A73 /* libxml2.dylib in Frameworks */,
				EB48A1B9152660C8008DB3F9 /* UIKit.framework in Frameworks */,
				EB48A1BB152660C8008DB3F9 /* Foundation.framework in Frameworks */,
				EB48A1BD152660C8008DB3F9 /* CoreGraphics.framework in Frameworks */,
			);
			runOnlyForDeploymentPostprocessing = 0;
		};
/* End PBXFrameworksBuildPhase section */

/* Begin PBXGroup section */
		EB48A1A9152660C8008DB3F9 = {
			isa = PBXGroup;
			children = (
				EBF1C1C91527564B00AAA0E0 /* Tray-iPad@2x.png */,
				EBF1C1C71527564800AAA0E0 /* Tray-iPad.png */,
				EBF1C1C5152751C600AAA0E0 /* Tray.png */,
				EBF1C1C3152751A200AAA0E0 /* Tray@2x.png */,
				EB48A1BE152660C8008DB3F9 /* Bandeco */,
				EBE423A81526B556009D194F /* XML-Parser */,
				EBC6F8F415267D9100BC5A73 /* HTML-Parser */,
				EB48A1B7152660C8008DB3F9 /* Frameworks */,
				EB48A1B5152660C8008DB3F9 /* Products */,
			);
			sourceTree = "<group>";
		};
		EB48A1B5152660C8008DB3F9 /* Products */ = {
			isa = PBXGroup;
			children = (
				EB48A1B4152660C8008DB3F9 /* Bandeco.app */,
			);
			name = Products;
			sourceTree = "<group>";
		};
		EB48A1B7152660C8008DB3F9 /* Frameworks */ = {
			isa = PBXGroup;
			children = (
				EBC6F8F915267F6E00BC5A73 /* libxml2.dylib */,
				EB48A1B8152660C8008DB3F9 /* UIKit.framework */,
				EB48A1BA152660C8008DB3F9 /* Foundation.framework */,
				EB48A1BC152660C8008DB3F9 /* CoreGraphics.framework */,
			);
			name = Frameworks;
			sourceTree = "<group>";
		};
		EB48A1BE152660C8008DB3F9 /* Bandeco */ = {
			isa = PBXGroup;
			children = (
				EBC6F8EA152670A000BC5A73 /* Constants.h */,
				EBC6F916152681A200BC5A73 /* SynthesizeSingleton.h */,
				EB48A1C7152660C8008DB3F9 /* AppDelegate.h */,
				EB48A1C8152660C8008DB3F9 /* AppDelegate.m */,
				EB48A1CA152660C8008DB3F9 /* MasterViewController.h */,
				EB48A1CB152660C8008DB3F9 /* MasterViewController.m */,
				EBF1C1B91527464F00AAA0E0 /* SecondViewController.h */,
				EBF1C1BA1527464F00AAA0E0 /* SecondViewController.m */,
				EB48A1CD152660C8008DB3F9 /* DetailViewController.h */,
				EB48A1CE152660C8008DB3F9 /* DetailViewController.m */,
				EBC6F8F115267A2E00BC5A73 /* DownloadController.h */,
				EBC6F8F215267A2E00BC5A73 /* DownloadController.m */,
				EB48A1D0152660C8008DB3F9 /* MasterViewController_iPhone.xib */,
				EB48A1D3152660C8008DB3F9 /* MasterViewController_iPad.xib */,
				EB48A1D6152660C8008DB3F9 /* DetailViewController_iPhone.xib */,
				EB48A1D9152660C8008DB3F9 /* DetailViewController_iPad.xib */,
				EB48A1BF152660C8008DB3F9 /* Supporting Files */,
			);
			path = Bandeco;
			sourceTree = "<group>";
		};
		EB48A1BF152660C8008DB3F9 /* Supporting Files */ = {
			isa = PBXGroup;
			children = (
				EBC6F8E415266A7C00BC5A73 /* Localizable.strings */,
				EB48A1C0152660C8008DB3F9 /* Bandeco-Info.plist */,
				EB48A1C1152660C8008DB3F9 /* InfoPlist.strings */,
				EB48A1C4152660C8008DB3F9 /* main.m */,
				EB48A1C6152660C8008DB3F9 /* Bandeco-Prefix.pch */,
			);
			name = "Supporting Files";
			sourceTree = "<group>";
		};
		EBC6F8F415267D9100BC5A73 /* HTML-Parser */ = {
			isa = PBXGroup;
			children = (
				EBC6F8F515267DA200BC5A73 /* HTMLNode.h */,
				EBC6F8F615267DA200BC5A73 /* HTMLNode.m */,
				EBC6F8F715267DA200BC5A73 /* HTMLParser.h */,
				EBC6F8F815267DA200BC5A73 /* HTMLParser.m */,
			);
			name = "HTML-Parser";
			path = Bandeco;
			sourceTree = "<group>";
		};
		EBE423A81526B556009D194F /* XML-Parser */ = {
			isa = PBXGroup;
			children = (
				EBF1C1BD1527468E00AAA0E0 /* XMLReader.h */,
				EBF1C1BE1527468E00AAA0E0 /* XMLReader.m */,
			);
			name = "XML-Parser";
			sourceTree = "<group>";
		};
/* End PBXGroup section */

/* Begin PBXNativeTarget section */
		EB48A1B3152660C8008DB3F9 /* Bandeco */ = {
			isa = PBXNativeTarget;
			buildConfigurationList = EB48A1DE152660C8008DB3F9 /* Build configuration list for PBXNativeTarget "Bandeco" */;
			buildPhases = (
				EB48A1B0152660C8008DB3F9 /* Sources */,
				EB48A1B1152660C8008DB3F9 /* Frameworks */,
				EB48A1B2152660C8008DB3F9 /* Resources */,
			);
			buildRules = (
			);
			dependencies = (
			);
			name = Bandeco;
			productName = Bandeco;
			productReference = EB48A1B4152660C8008DB3F9 /* Bandeco.app */;
			productType = "com.apple.product-type.application";
		};
/* End PBXNativeTarget section */

/* Begin PBXProject section */
		EB48A1AB152660C8008DB3F9 /* Project object */ = {
			isa = PBXProject;
			attributes = {
				LastUpgradeCheck = 0430;
			};
			buildConfigurationList = EB48A1AE152660C8008DB3F9 /* Build configuration list for PBXProject "Bandeco" */;
			compatibilityVersion = "Xcode 3.2";
			developmentRegion = English;
			hasScannedForEncodings = 0;
			knownRegions = (
				en,
				ja,
				"pt-PT",
				"pt-BR",
				pt,
			);
			mainGroup = EB48A1A9152660C8008DB3F9;
			productRefGroup = EB48A1B5152660C8008DB3F9 /* Products */;
			projectDirPath = "";
			projectRoot = "";
			targets = (
				EB48A1B3152660C8008DB3F9 /* Bandeco */,
			);
		};
/* End PBXProject section */

/* Begin PBXResourcesBuildPhase section */
		EB48A1B2152660C8008DB3F9 /* Resources */ = {
			isa = PBXResourcesBuildPhase;
			buildActionMask = 2147483647;
			files = (
				EB48A1C3152660C8008DB3F9 /* InfoPlist.strings in Resources */,
				EB48A1D2152660C8008DB3F9 /* MasterViewController_iPhone.xib in Resources */,
				EB48A1D5152660C8008DB3F9 /* MasterViewController_iPad.xib in Resources */,
				EB48A1D8152660C8008DB3F9 /* DetailViewController_iPhone.xib in Resources */,
				EB48A1DB152660C8008DB3F9 /* DetailViewController_iPad.xib in Resources */,
				EBC6F8E215266A7C00BC5A73 /* Localizable.strings in Resources */,
				EBF1C1C4152751A200AAA0E0 /* Tray@2x.png in Resources */,
				EBF1C1C6152751C600AAA0E0 /* Tray.png in Resources */,
				EBF1C1C81527564800AAA0E0 /* Tray-iPad.png in Resources */,
				EBF1C1CA1527564B00AAA0E0 /* Tray-iPad@2x.png in Resources */,
			);
			runOnlyForDeploymentPostprocessing = 0;
		};
/* End PBXResourcesBuildPhase section */

/* Begin PBXSourcesBuildPhase section */
		EB48A1B0152660C8008DB3F9 /* Sources */ = {
			isa = PBXSourcesBuildPhase;
			buildActionMask = 2147483647;
			files = (
				EBF1C1C0152746B600AAA0E0 /* SecondViewController.m in Sources */,
				EBF1C1BF152746B200AAA0E0 /* XMLReader.m in Sources */,
				EBE423A61526A3D2009D194F /* HTMLNode.m in Sources */,
				EBE423A71526A3D2009D194F /* HTMLParser.m in Sources */,
				EB48A1C5152660C8008DB3F9 /* main.m in Sources */,
				EB48A1C9152660C8008DB3F9 /* AppDelegate.m in Sources */,
				EB48A1CC152660C8008DB3F9 /* MasterViewController.m in Sources */,
				EB48A1CF152660C8008DB3F9 /* DetailViewController.m in Sources */,
				EBC6F8F315267A2E00BC5A73 /* DownloadController.m in Sources */,
			);
			runOnlyForDeploymentPostprocessing = 0;
		};
/* End PBXSourcesBuildPhase section */

/* Begin PBXVariantGroup section */
		EB48A1C1152660C8008DB3F9 /* InfoPlist.strings */ = {
			isa = PBXVariantGroup;
			children = (
				EB48A1C2152660C8008DB3F9 /* en */,
			);
			name = InfoPlist.strings;
			sourceTree = "<group>";
		};
		EB48A1D0152660C8008DB3F9 /* MasterViewController_iPhone.xib */ = {
			isa = PBXVariantGroup;
			children = (
				EB48A1D1152660C8008DB3F9 /* en */,
			);
			name = MasterViewController_iPhone.xib;
			sourceTree = "<group>";
		};
		EB48A1D3152660C8008DB3F9 /* MasterViewController_iPad.xib */ = {
			isa = PBXVariantGroup;
			children = (
				EB48A1D4152660C8008DB3F9 /* en */,
			);
			name = MasterViewController_iPad.xib;
			sourceTree = "<group>";
		};
		EB48A1D6152660C8008DB3F9 /* DetailViewController_iPhone.xib */ = {
			isa = PBXVariantGroup;
			children = (
				EB48A1D7152660C8008DB3F9 /* en */,
			);
			name = DetailViewController_iPhone.xib;
			sourceTree = "<group>";
		};
		EB48A1D9152660C8008DB3F9 /* DetailViewController_iPad.xib */ = {
			isa = PBXVariantGroup;
			children = (
				EB48A1DA152660C8008DB3F9 /* en */,
			);
			name = DetailViewController_iPad.xib;
			sourceTree = "<group>";
		};
		EBC6F8E415266A7C00BC5A73 /* Localizable.strings */ = {
			isa = PBXVariantGroup;
			children = (
				EBC6F8E315266A7C00BC5A73 /* en */,
				EBF1C1AD1527427F00AAA0E0 /* pt */,
			);
			name = Localizable.strings;
			sourceTree = "<group>";
		};
/* End PBXVariantGroup section */

/* Begin XCBuildConfiguration section */
		EB48A1DC152660C8008DB3F9 /* Debug */ = {
			isa = XCBuildConfiguration;
			buildSettings = {
				ALWAYS_SEARCH_USER_PATHS = NO;
				ARCHS = "$(ARCHS_STANDARD_32_BIT)";
				CLANG_ENABLE_OBJC_ARC = YES;
				CODE_SIGN_IDENTITY = "iPhone Distribution";
				COPY_PHASE_STRIP = NO;
				GCC_C_LANGUAGE_STANDARD = gnu99;
				GCC_DYNAMIC_NO_PIC = NO;
				GCC_OPTIMIZATION_LEVEL = 0;
				GCC_PREPROCESSOR_DEFINITIONS = (
					"DEBUG=1",
					"$(inherited)",
				);
				GCC_SYMBOLS_PRIVATE_EXTERN = NO;
				GCC_VERSION = com.apple.compilers.llvm.clang.1_0;
				GCC_WARN_ABOUT_RETURN_TYPE = YES;
				GCC_WARN_UNINITIALIZED_AUTOS = YES;
				GCC_WARN_UNUSED_VARIABLE = YES;
				HEADER_SEARCH_PATHS = $SDK_DIR/usr/include/libxml2;
				IPHONEOS_DEPLOYMENT_TARGET = 5.1;
				PROVISIONING_PROFILE = "";
				SDKROOT = iphoneos;
				TARGETED_DEVICE_FAMILY = "1,2";
			};
			name = Debug;
		};
		EB48A1DD152660C8008DB3F9 /* Release */ = {
			isa = XCBuildConfiguration;
			buildSettings = {
				ALWAYS_SEARCH_USER_PATHS = NO;
				ARCHS = "$(ARCHS_STANDARD_32_BIT)";
				CLANG_ENABLE_OBJC_ARC = YES;
				CODE_SIGN_IDENTITY = "iPhone Distribution";
				COPY_PHASE_STRIP = YES;
				GCC_C_LANGUAGE_STANDARD = gnu99;
				GCC_VERSION = com.apple.compilers.llvm.clang.1_0;
				GCC_WARN_ABOUT_RETURN_TYPE = YES;
				GCC_WARN_UNINITIALIZED_AUTOS = YES;
				GCC_WARN_UNUSED_VARIABLE = YES;
				HEADER_SEARCH_PATHS = $SDK_DIR/usr/include/libxml2;
				IPHONEOS_DEPLOYMENT_TARGET = 5.1;
				OTHER_CFLAGS = "-DNS_BLOCK_ASSERTIONS=1";
				PROVISIONING_PROFILE = "";
				SDKROOT = iphoneos;
				TARGETED_DEVICE_FAMILY = "1,2";
				VALIDATE_PRODUCT = YES;
			};
			name = Release;
		};
		EB48A1DF152660C8008DB3F9 /* Debug */ = {
			isa = XCBuildConfiguration;
			buildSettings = {
				CODE_SIGN_IDENTITY = "iPhone Distribution: PEDRO P M GOES";
				GCC_PRECOMPILE_PREFIX_HEADER = YES;
				GCC_PREFIX_HEADER = "Bandeco/Bandeco-Prefix.pch";
				HEADER_SEARCH_PATHS = $SDK_DIR/usr/include/libxml2;
				INFOPLIST_FILE = "Bandeco/Bandeco-Info.plist";
				IPHONEOS_DEPLOYMENT_TARGET = 4.2;
				PRODUCT_NAME = "$(TARGET_NAME)";
				PROVISIONING_PROFILE = "F4CE71CE-87F3-4ECB-8C04-9F96C44FA750";
				USER_HEADER_SEARCH_PATHS = "";
				WRAPPER_EXTENSION = app;
			};
			name = Debug;
		};
		EB48A1E0152660C8008DB3F9 /* Release */ = {
			isa = XCBuildConfiguration;
			buildSettings = {
				CODE_SIGN_IDENTITY = "iPhone Distribution: PEDRO P M GOES";
				GCC_PRECOMPILE_PREFIX_HEADER = YES;
				GCC_PREFIX_HEADER = "Bandeco/Bandeco-Prefix.pch";
				HEADER_SEARCH_PATHS = $SDK_DIR/usr/include/libxml2;
				INFOPLIST_FILE = "Bandeco/Bandeco-Info.plist";
				IPHONEOS_DEPLOYMENT_TARGET = 4.2;
				PRODUCT_NAME = "$(TARGET_NAME)";
				PROVISIONING_PROFILE = "F4CE71CE-87F3-4ECB-8C04-9F96C44FA750";
				USER_HEADER_SEARCH_PATHS = "";
				WRAPPER_EXTENSION = app;
			};
			name = Release;
		};
/* End XCBuildConfiguration section */

/* Begin XCConfigurationList section */
		EB48A1AE152660C8008DB3F9 /* Build configuration list for PBXProject "Bandeco" */ = {
			isa = XCConfigurationList;
			buildConfigurations = (
				EB48A1DC152660C8008DB3F9 /* Debug */,
				EB48A1DD152660C8008DB3F9 /* Release */,
			);
			defaultConfigurationIsVisible = 0;
			defaultConfigurationName = Release;
		};
		EB48A1DE152660C8008DB3F9 /* Build configuration list for PBXNativeTarget "Bandeco" */ = {
			isa = XCConfigurationList;
			buildConfigurations = (
				EB48A1DF152660C8008DB3F9 /* Debug */,
				EB48A1E0152660C8008DB3F9 /* Release */,
			);
			defaultConfigurationIsVisible = 0;
			defaultConfigurationName = Release;
		};
/* End XCConfigurationList section */
	};
	rootObject = EB48A1AB152660C8008DB3F9 /* Project object */;
}
